Microsoft Visual Studio Solution File, Format Version 11.00
# Visual Studio 2008

Project("{F8553B00-219E-9FDA-B8F1-5E692EEF2EFB}") = "BrianO'Dwyer game c13724855", "Assembly-CSharp-firstpass.csproj", "{D45540D3-146D-8B4D-9E86-20F6D92F05AB}"
EndProject
Project("{F8553B00-219E-9FDA-B8F1-5E692EEF2EFB}") = "BrianO'Dwyer game c13724855", "Assembly-CSharp.csproj", "{90B6B9D1-C223-6A8E-D531-FFB44DCC6016}"
EndProject
Project("{F8553B00-219E-9FDA-B8F1-5E692EEF2EFB}") = "BrianO'Dwyer game c13724855", "Assembly-UnityScript-firstpass.unityproj", "{672FC9E0-06C5-7066-FA14-44F6D72D0299}"
EndProject
Global
	GlobalSection(SolutionConfigurationPlatforms) = preSolution
		Debug|Any CPU = Debug|Any CPU
		Release|Any CPU = Release|Any CPU
	EndGlobalSection
	GlobalSection(ProjectConfigurationPlatforms) = postSolution
		{D45540D3-146D-8B4D-9E86-20F6D92F05AB}.Debug|Any CPU.ActiveCfg = Debug|Any CPU
		{D45540D3-146D-8B4D-9E86-20F6D92F05AB}.Debug|Any CPU.Build.0 = Debug|Any CPU
		{D45540D3-146D-8B4D-9E86-20F6D92F05AB}.Release|Any CPU.ActiveCfg = Release|Any CPU
		{D45540D3-146D-8B4D-9E86-20F6D92F05AB}.Release|Any CPU.Build.0 = Release|Any CPU
		{90B6B9D1-C223-6A8E-D531-FFB44DCC6016}.Debug|Any CPU.ActiveCfg = Debug|Any CPU
		{90B6B9D1-C223-6A8E-D531-FFB44DCC6016}.Debug|Any CPU.Build.0 = Debug|Any CPU
		{90B6B9D1-C223-6A8E-D531-FFB44DCC6016}.Release|Any CPU.ActiveCfg = Release|Any CPU
		{90B6B9D1-C223-6A8E-D531-FFB44DCC6016}.Release|Any CPU.Build.0 = Release|Any CPU
		{672FC9E0-06C5-7066-FA14-44F6D72D0299}.Debug|Any CPU.ActiveCfg = Debug|Any CPU
		{672FC9E0-06C5-7066-FA14-44F6D72D0299}.Debug|Any CPU.Build.0 = Debug|Any CPU
		{672FC9E0-06C5-7066-FA14-44F6D72D0299}.Release|Any CPU.ActiveCfg = Release|Any CPU
		{672FC9E0-06C5-7066-FA14-44F6D72D0299}.Release|Any CPU.Build.0 = Release|Any CPU
	EndGlobalSection
	GlobalSection(SolutionProperties) = preSolution
		HideSolutionNode = FALSE
	EndGlobalSection
																																																																																																																																																																																																																																																																																	GlobalSection(MonoDevelopProperties) = preSolution
		StartupItem = Assembly-CSharp.csproj
		Policies = $0
		$0.TextStylePolicy = $1
		$1.inheritsSet = null
		$1.scope = text/x-csharp
		$0.CSharpFormattingPolicy = $2
		$2.inheritsSet = Mono
		$2.inheritsScope = text/x-csharp
		$2.scope = text/x-csharp
		$0.TextStylePolicy = $3
		$3.FileWidth = 120
		$3.TabWidth = 4
		$3.IndentWidth = 4
		$3.EolMarker = Unix
		$3.inheritsSet = Mono
		$3.inheritsScope = text/plain
		$3.scope = text/plain
	EndGlobalSection
EndGlobal
